// !$*UTF8*$!
{
	archiveVersion = 1;
	classes = {
	};
	objectVersion = 55;
	objects = {

/* Begin PBXBuildFile section */
		40371E122854A1B000873DEB /* AppDelegate.swift in Sources */ = {isa = PBXBuildFile; fileRef = 40371E112854A1B000873DEB /* AppDelegate.swift */; };
		40371E142854A1B000873DEB /* SceneDelegate.swift in Sources */ = {isa = PBXBuildFile; fileRef = 40371E132854A1B000873DEB /* SceneDelegate.swift */; };
		40371E162854A1B000873DEB /* ViewController.swift in Sources */ = {isa = PBXBuildFile; fileRef = 40371E152854A1B000873DEB /* ViewController.swift */; };
		40371E192854A1B000873DEB /* Main.storyboard in Resources */ = {isa = PBXBuildFile; fileRef = 40371E172854A1B000873DEB /* Main.storyboard */; };
		40371E1B2854A1B200873DEB /* Assets.xcassets in Resources */ = {isa = PBXBuildFile; fileRef = 40371E1A2854A1B200873DEB /* Assets.xcassets */; };
		40371E1E2854A1B200873DEB /* LaunchScreen.storyboard in Resources */ = {isa = PBXBuildFile; fileRef = 40371E1C2854A1B200873DEB /* LaunchScreen.storyboard */; };
		40371E292854A1B200873DEB /* CitrixTests.swift in Sources */ = {isa = PBXBuildFile; fileRef = 40371E282854A1B200873DEB /* CitrixTests.swift */; };
		40371E332854A1B200873DEB /* CitrixUITests.swift in Sources */ = {isa = PBXBuildFile; fileRef = 40371E322854A1B200873DEB /* CitrixUITests.swift */; };
		40371E352854A1B200873DEB /* CitrixUITestsLaunchTests.swift in Sources */ = {isa = PBXBuildFile; fileRef = 40371E342854A1B200873DEB /* CitrixUITestsLaunchTests.swift */; };
/* End PBXBuildFile section */

/* Begin PBXContainerItemProxy section */
		40371E252854A1B200873DEB /* PBXContainerItemProxy */ = {
			isa = PBXContainerItemProxy;
			containerPortal = 40371E062854A1B000873DEB /* Project object */;
			proxyType = 1;
			remoteGlobalIDString = 40371E0D2854A1B000873DEB;
			remoteInfo = Citrix;
		};
		40371E2F2854A1B200873DEB /* PBXContainerItemProxy */ = {
			isa = PBXContainerItemProxy;
			containerPortal = 40371E062854A1B000873DEB /* Project object */;
			proxyType = 1;
			remoteGlobalIDString = 40371E0D2854A1B000873DEB;
			remoteInfo = Citrix;
		};
/* End PBXContainerItemProxy section */

/* Begin PBXFileReference section */
		40371E0E2854A1B000873DEB /* Citrix.app */ = {isa = PBXFileReference; explicitFileType = wrapper.application; includeInIndex = 0; path = Citrix.app; sourceTree = BUILT_PRODUCTS_DIR; };
		40371E112854A1B000873DEB /* AppDelegate.swift */ = {isa = PBXFileReference; lastKnownFileType = sourcecode.swift; path = AppDelegate.swift; sourceTree = "<group>"; };
		40371E132854A1B000873DEB /* SceneDelegate.swift */ = {isa = PBXFileReference; lastKnownFileType = sourcecode.swift; path = SceneDelegate.swift; sourceTree = "<group>"; };
		40371E152854A1B000873DEB /* ViewController.swift */ = {isa = PBXFileReference; lastKnownFileType = sourcecode.swift; path = ViewController.swift; sourceTree = "<group>"; };
		40371E182854A1B000873DEB /* Base */ = {isa = PBXFileReference; lastKnownFileType = file.storyboard; name = Base; path = Base.lproj/Main.storyboard; sourceTree = "<group>"; };
		40371E1A2854A1B200873DEB /* Assets.xcassets */ = {isa = PBXFileReference; lastKnownFileType = folder.assetcatalog; path = Assets.xcassets; sourceTree = "<group>"; };
		40371E1D2854A1B200873DEB /* Base */ = {isa = PBXFileReference; lastKnownFileType = file.storyboard; name = Base; path = Base.lproj/LaunchScreen.storyboard; sourceTree = "<group>"; };
		40371E1F2854A1B200873DEB /* Info.plist */ = {isa = PBXFileReference; lastKnownFileType = text.plist.xml; path = Info.plist; sourceTree = "<group>"; };
		40371E242854A1B200873DEB /* CitrixTests.xctest */ = {isa = PBXFileReference; explicitFileType = wrapper.cfbundle; includeInIndex = 0; path = CitrixTests.xctest; sourceTree = BUILT_PRODUCTS_DIR; };
		40371E282854A1B200873DEB /* CitrixTests.swift */ = {isa = PBXFileReference; lastKnownFileType = sourcecode.swift; path = CitrixTests.swift; sourceTree = "<group>"; };
		40371E2E2854A1B200873DEB /* CitrixUITests.xctest */ = {isa = PBXFileReference; explicitFileType = wrapper.cfbundle; includeInIndex = 0; path = CitrixUITests.xctest; sourceTree = BUILT_PRODUCTS_DIR; };
		40371E322854A1B200873DEB /* CitrixUITests.swift */ = {isa = PBXFileReference; lastKnownFileType = sourcecode.swift; path = CitrixUITests.swift; sourceTree = "<group>"; };
		40371E342854A1B200873DEB /* CitrixUITestsLaunchTests.swift */ = {isa = PBXFileReference; lastKnownFileType = sourcecode.swift; path = CitrixUITestsLaunchTests.swift; sourceTree = "<group>"; };
/* End PBXFileReference section */

/* Begin PBXFrameworksBuildPhase section */
		40371E0B2854A1B000873DEB /* Frameworks */ = {
			isa = PBXFrameworksBuildPhase;
			buildActionMask = 2147483647;
			files = (
			);
			runOnlyForDeploymentPostprocessing = 0;
		};
		40371E212854A1B200873DEB /* Frameworks */ = {
			isa = PBXFrameworksBuildPhase;
			buildActionMask = 2147483647;
			files = (
			);
			runOnlyForDeploymentPostprocessing = 0;
		};
		40371E2B2854A1B200873DEB /* Frameworks */ = {
			isa = PBXFrameworksBuildPhase;
			buildActionMask = 2147483647;
			files = (
			);
			runOnlyForDeploymentPostprocessing = 0;
		};
/* End PBXFrameworksBuildPhase section */

/* Begin PBXGroup section */
		40371E052854A1B000873DEB = {
			isa = PBXGroup;
			children = (
				40371E102854A1B000873DEB /* Citrix */,
				40371E272854A1B200873DEB /* CitrixTests */,
				40371E312854A1B200873DEB /* CitrixUITests */,
				40371E0F2854A1B000873DEB /* Products */,
			);
			sourceTree = "<group>";
		};
		40371E0F2854A1B000873DEB /* Products */ = {
			isa = PBXGroup;
			children = (
				40371E0E2854A1B000873DEB /* Citrix.app */,
				40371E242854A1B200873DEB /* CitrixTests.xctest */,
				40371E2E2854A1B200873DEB /* CitrixUITests.xctest */,
			);
			name = Products;
			sourceTree = "<group>";
		};
		40371E102854A1B000873DEB /* Citrix */ = {
			isa = PBXGroup;
			children = (
				40371E112854A1B000873DEB /* AppDelegate.swift */,
				40371E132854A1B000873DEB /* SceneDelegate.swift */,
				40371E152854A1B000873DEB /* ViewController.swift */,
				40371E172854A1B000873DEB /* Main.storyboard */,
				40371E1A2854A1B200873DEB /* Assets.xcassets */,
				40371E1C2854A1B200873DEB /* LaunchScreen.storyboard */,
				40371E1F2854A1B200873DEB /* Info.plist */,
			);
			path = Citrix;
			sourceTree = "<group>";
		};
		40371E272854A1B200873DEB /* CitrixTests */ = {
			isa = PBXGroup;
			children = (
				40371E282854A1B200873DEB /* CitrixTests.swift */,
			);
			path = CitrixTests;
			sourceTree = "<group>";
		};
		40371E312854A1B200873DEB /* CitrixUITests */ = {
			isa = PBXGroup;
			children = (
				40371E322854A1B200873DEB /* CitrixUITests.swift */,
				40371E342854A1B200873DEB /* CitrixUITestsLaunchTests.swift */,
			);
			path = CitrixUITests;
			sourceTree = "<group>";
		};
/* End PBXGroup section */

/* Begin PBXNativeTarget section */
		40371E0D2854A1B000873DEB /* Citrix */ = {
			isa = PBXNativeTarget;
			buildConfigurationList = 40371E382854A1B200873DEB /* Build configuration list for PBXNativeTarget "Citrix" */;
			buildPhases = (
				40371E0A2854A1B000873DEB /* Sources */,
				40371E0B2854A1B000873DEB /* Frameworks */,
				40371E0C2854A1B000873DEB /* Resources */,
			);
			buildRules = (
			);
			dependencies = (
			);
			name = Citrix;
			productName = Citrix;
			productReference = 40371E0E2854A1B000873DEB /* Citrix.app */;
			productType = "com.apple.product-type.application";
		};
		40371E232854A1B200873DEB /* CitrixTests */ = {
			isa = PBXNativeTarget;
			buildConfigurationList = 40371E3B2854A1B200873DEB /* Build configuration list for PBXNativeTarget "CitrixTests" */;
			buildPhases = (
				40371E202854A1B200873DEB /* Sources */,
				40371E212854A1B200873DEB /* Frameworks */,
				40371E222854A1B200873DEB /* Resources */,
			);
			buildRules = (
			);
			dependencies = (
				40371E262854A1B200873DEB /* PBXTargetDependency */,
			);
			name = CitrixTests;
			productName = CitrixTests;
			productReference = 40371E242854A1B200873DEB /* CitrixTests.xctest */;
			productType = "com.apple.product-type.bundle.unit-test";
		};
		40371E2D2854A1B200873DEB /* CitrixUITests */ = {
			isa = PBXNativeTarget;
			buildConfigurationList = 40371E3E2854A1B200873DEB /* Build configuration list for PBXNativeTarget "CitrixUITests" */;
			buildPhases = (
				40371E2A2854A1B200873DEB /* Sources */,
				40371E2B2854A1B200873DEB /* Frameworks */,
				40371E2C2854A1B200873DEB /* Resources */,
			);
			buildRules = (
			);
			dependencies = (
				40371E302854A1B200873DEB /* PBXTargetDependency */,
			);
			name = CitrixUITests;
			productName = CitrixUITests;
			productReference = 40371E2E2854A1B200873DEB /* CitrixUITests.xctest */;
			productType = "com.apple.product-type.bundle.ui-testing";
		};
/* End PBXNativeTarget section */

/* Begin PBXProject section */
		40371E062854A1B000873DEB /* Project object */ = {
			isa = PBXProject;
			attributes = {
				BuildIndependentTargetsInParallel = 1;
				LastSwiftUpdateCheck = 1320;
				LastUpgradeCheck = 1320;
				TargetAttributes = {
					40371E0D2854A1B000873DEB = {
						CreatedOnToolsVersion = 13.2.1;
					};
					40371E232854A1B200873DEB = {
						CreatedOnToolsVersion = 13.2.1;
						TestTargetID = 40371E0D2854A1B000873DEB;
					};
					40371E2D2854A1B200873DEB = {
						CreatedOnToolsVersion = 13.2.1;
						TestTargetID = 40371E0D2854A1B000873DEB;
					};
				};
			};
			buildConfigurationList = 40371E092854A1B000873DEB /* Build configuration list for PBXProject "Citrix" */;
			compatibilityVersion = "Xcode 13.0";
			developmentRegion = en;
			hasScannedForEncodings = 0;
			knownRegions = (
				en,
				Base,
			);
			mainGroup = 40371E052854A1B000873DEB;
			productRefGroup = 40371E0F2854A1B000873DEB /* Products */;
			projectDirPath = "";
			projectRoot = "";
			targets = (
				40371E0D2854A1B000873DEB /* Citrix */,
				40371E232854A1B200873DEB /* CitrixTests */,
				40371E2D2854A1B200873DEB /* CitrixUITests */,
			);
		};
/* End PBXProject section */

/* Begin PBXResourcesBuildPhase section */
		40371E0C2854A1B000873DEB /* Resources */ = {
			isa = PBXResourcesBuildPhase;
			buildActionMask = 2147483647;
			files = (
				40371E1E2854A1B200873DEB /* LaunchScreen.storyboard in Resources */,
				40371E1B2854A1B200873DEB /* Assets.xcassets in Resources */,
				40371E192854A1B000873DEB /* Main.storyboard in Resources */,
			);
			runOnlyForDeploymentPostprocessing = 0;
		};
		40371E222854A1B200873DEB /* Resources */ = {
			isa = PBXResourcesBuildPhase;
			buildActionMask = 2147483647;
			files = (
			);
			runOnlyForDeploymentPostprocessing = 0;
		};
		40371E2C2854A1B200873DEB /* Resources */ = {
			isa = PBXResourcesBuildPhase;
			buildActionMask = 2147483647;
			files = (
			);
			runOnlyForDeploymentPostprocessing = 0;
		};
/* End PBXResourcesBuildPhase section */

/* Begin PBXSourcesBuildPhase section */
		40371E0A2854A1B000873DEB /* Sources */ = {
			isa = PBXSourcesBuildPhase;
			buildActionMask = 2147483647;
			files = (
				40371E162854A1B000873DEB /* ViewController.swift in Sources */,
				40371E122854A1B000873DEB /* AppDelegate.swift in Sources */,
				40371E142854A1B000873DEB /* SceneDelegate.swift in Sources */,
			);
			runOnlyForDeploymentPostprocessing = 0;
		};
		40371E202854A1B200873DEB /* Sources */ = {
			isa = PBXSourcesBuildPhase;
			buildActionMask = 2147483647;
			files = (
				40371E292854A1B200873DEB /* CitrixTests.swift in Sources */,
			);
			runOnlyForDeploymentPostprocessing = 0;
		};
		40371E2A2854A1B200873DEB /* Sources */ = {
			isa = PBXSourcesBuildPhase;
			buildActionMask = 2147483647;
			files = (
				40371E332854A1B200873DEB /* CitrixUITests.swift in Sources */,
				40371E352854A1B200873DEB /* CitrixUITestsLaunchTests.swift in Sources */,
			);
			runOnlyForDeploymentPostprocessing = 0;
		};
/* End PBXSourcesBuildPhase section */

/* Begin PBXTargetDependency section */
		40371E262854A1B200873DEB /* PBXTargetDependency */ = {
			isa = PBXTargetDependency;
			target = 40371E0D2854A1B000873DEB /* Citrix */;
			targetProxy = 40371E252854A1B200873DEB /* PBXContainerItemProxy */;
		};
		40371E302854A1B200873DEB /* PBXTargetDependency */ = {
			isa = PBXTargetDependency;
			target = 40371E0D2854A1B000873DEB /* Citrix */;
			targetProxy = 40371E2F2854A1B200873DEB /* PBXContainerItemProxy */;
		};
/* End PBXTargetDependency section */

/* Begin PBXVariantGroup section */
		40371E172854A1B000873DEB /* Main.storyboard */ = {
			isa = PBXVariantGroup;
			children = (
				40371E182854A1B000873DEB /* Base */,
			);
			name = Main.storyboard;
			sourceTree = "<group>";
		};
		40371E1C2854A1B200873DEB /* LaunchScreen.storyboard */ = {
			isa = PBXVariantGroup;
			children = (
				40371E1D2854A1B200873DEB /* Base */,
			);
			name = LaunchScreen.storyboard;
			sourceTree = "<group>";
		};
/* End PBXVariantGroup section */

/* Begin XCBuildConfiguration section */
		40371E362854A1B200873DEB /* Debug */ = {
			isa = XCBuildConfiguration;
			buildSettings = {
				ALWAYS_SEARCH_USER_PATHS = NO;
				CLANG_ANALYZER_NONNULL = YES;
				CLANG_ANALYZER_NUMBER_OBJECT_CONVERSION = YES_AGGRESSIVE;
				CLANG_CXX_LANGUAGE_STANDARD = "gnu++17";
				CLANG_CXX_LIBRARY = "libc++";
				CLANG_ENABLE_MODULES = YES;
				CLANG_ENABLE_OBJC_ARC = YES;
				CLANG_ENABLE_OBJC_WEAK = YES;
				CLANG_WARN_BLOCK_CAPTURE_AUTORELEASING = YES;
				CLANG_WARN_BOOL_CONVERSION = YES;
				CLANG_WARN_COMMA = YES;
				CLANG_WARN_CONSTANT_CONVERSION = YES;
				CLANG_WARN_DEPRECATED_OBJC_IMPLEMENTATIONS = YES;
				CLANG_WARN_DIRECT_OBJC_ISA_USAGE = YES_ERROR;
				CLANG_WARN_DOCUMENTATION_COMMENTS = YES;
				CLANG_WARN_EMPTY_BODY = YES;
				CLANG_WARN_ENUM_CONVERSION = YES;
				CLANG_WARN_INFINITE_RECURSION = YES;
				CLANG_WARN_INT_CONVERSION = YES;
				CLANG_WARN_NON_LITERAL_NULL_CONVERSION = YES;
				CLANG_WARN_OBJC_IMPLICIT_RETAIN_SELF = YES;
				CLANG_WARN_OBJC_LITERAL_CONVERSION = YES;
				CLANG_WARN_OBJC_ROOT_CLASS = YES_ERROR;
				CLANG_WARN_QUOTED_INCLUDE_IN_FRAMEWORK_HEADER = YES;
				CLANG_WARN_RANGE_LOOP_ANALYSIS = YES;
				CLANG_WARN_STRICT_PROTOTYPES = YES;
				CLANG_WARN_SUSPICIOUS_MOVE = YES;
				CLANG_WARN_UNGUARDED_AVAILABILITY = YES_AGGRESSIVE;
				CLANG_WARN_UNREACHABLE_CODE = YES;
				CLANG_WARN__DUPLICATE_METHOD_MATCH = YES;
				COPY_PHASE_STRIP = NO;
				DEBUG_INFORMATION_FORMAT = dwarf;
				ENABLE_STRICT_OBJC_MSGSEND = YES;
				ENABLE_TESTABILITY = YES;
				GCC_C_LANGUAGE_STANDARD = gnu11;
				GCC_DYNAMIC_NO_PIC = NO;
				GCC_NO_COMMON_BLOCKS = YES;
				GCC_OPTIMIZATION_LEVEL = 0;
				GCC_PREPROCESSOR_DEFINITIONS = (
					"DEBUG=1",
					"$(inherited)",
				);
				GCC_WARN_64_TO_32_BIT_CONVERSION = YES;
				GCC_WARN_ABOUT_RETURN_TYPE = YES_ERROR;
				GCC_WARN_UNDECLARED_SELECTOR = YES;
				GCC_WARN_UNINITIALIZED_AUTOS = YES_AGGRESSIVE;
				GCC_WARN_UNUSED_FUNCTION = YES;
				GCC_WARN_UNUSED_VARIABLE = YES;
				IPHONEOS_DEPLOYMENT_TARGET = 15.2;
				MTL_ENABLE_DEBUG_INFO = INCLUDE_SOURCE;
				MTL_FAST_MATH = YES;
				ONLY_ACTIVE_ARCH = YES;
				SDKROOT = iphoneos;
				SWIFT_ACTIVE_COMPILATION_CONDITIONS = DEBUG;
				SWIFT_OPTIMIZATION_LEVEL = "-Onone";
			};
			name = Debug;
		};
		40371E372854A1B200873DEB /* Release */ = {
			isa = XCBuildConfiguration;
			buildSettings = {
				ALWAYS_SEARCH_USER_PATHS = NO;
				CLANG_ANALYZER_NONNULL = YES;
				CLANG_ANALYZER_NUMBER_OBJECT_CONVERSION = YES_AGGRESSIVE;
				CLANG_CXX_LANGUAGE_STANDARD = "gnu++17";
				CLANG_CXX_LIBRARY = "libc++";
				CLANG_ENABLE_MODULES = YES;
				CLANG_ENABLE_OBJC_ARC = YES;
				CLANG_ENABLE_OBJC_WEAK = YES;
				CLANG_WARN_BLOCK_CAPTURE_AUTORELEASING = YES;
				CLANG_WARN_BOOL_CONVERSION = YES;
				CLANG_WARN_COMMA = YES;
				CLANG_WARN_CONSTANT_CONVERSION = YES;
				CLANG_WARN_DEPRECATED_OBJC_IMPLEMENTATIONS = YES;
				CLANG_WARN_DIRECT_OBJC_ISA_USAGE = YES_ERROR;
				CLANG_WARN_DOCUMENTATION_COMMENTS = YES;
				CLANG_WARN_EMPTY_BODY = YES;
				CLANG_WARN_ENUM_CONVERSION = YES;
				CLANG_WARN_INFINITE_RECURSION = YES;
				CLANG_WARN_INT_CONVERSION = YES;
				CLANG_WARN_NON_LITERAL_NULL_CONVERSION = YES;
				CLANG_WARN_OBJC_IMPLICIT_RETAIN_SELF = YES;
				CLANG_WARN_OBJC_LITERAL_CONVERSION = YES;
				CLANG_WARN_OBJC_ROOT_CLASS = YES_ERROR;
				CLANG_WARN_QUOTED_INCLUDE_IN_FRAMEWORK_HEADER = YES;
				CLANG_WARN_RANGE_LOOP_ANALYSIS = YES;
				CLANG_WARN_STRICT_PROTOTYPES = YES;
				CLANG_WARN_SUSPICIOUS_MOVE = YES;
				CLANG_WARN_UNGUARDED_AVAILABILITY = YES_AGGRESSIVE;
				CLANG_WARN_UNREACHABLE_CODE = YES;
				CLANG_WARN__DUPLICATE_METHOD_MATCH = YES;
				COPY_PHASE_STRIP = NO;
				DEBUG_INFORMATION_FORMAT = "dwarf-with-dsym";
				ENABLE_NS_ASSERTIONS = NO;
				ENABLE_STRICT_OBJC_MSGSEND = YES;
				GCC_C_LANGUAGE_STANDARD = gnu11;
				GCC_NO_COMMON_BLOCKS = YES;
				GCC_WARN_64_TO_32_BIT_CONVERSION = YES;
				GCC_WARN_ABOUT_RETURN_TYPE = YES_ERROR;
				GCC_WARN_UNDECLARED_SELECTOR = YES;
				GCC_WARN_UNINITIALIZED_AUTOS = YES_AGGRESSIVE;
				GCC_WARN_UNUSED_FUNCTION = YES;
				GCC_WARN_UNUSED_VARIABLE = YES;
				IPHONEOS_DEPLOYMENT_TARGET = 15.2;
				MTL_ENABLE_DEBUG_INFO = NO;
				MTL_FAST_MATH = YES;
				SDKROOT = iphoneos;
				SWIFT_COMPILATION_MODE = wholemodule;
				SWIFT_OPTIMIZATION_LEVEL = "-O";
				VALIDATE_PRODUCT = YES;
			};
			name = Release;
		};
		40371E392854A1B200873DEB /* Debug */ = {
			isa = XCBuildConfiguration;
			buildSettings = {
				ASSETCATALOG_COMPILER_APPICON_NAME = AppIcon;
				ASSETCATALOG_COMPILER_GLOBAL_ACCENT_COLOR_NAME = AccentColor;
				CODE_SIGN_STYLE = Automatic;
				CURRENT_PROJECT_VERSION = 1;
				DEVELOPMENT_TEAM = M8YB7RCWD2;
				GENERATE_INFOPLIST_FILE = YES;
				INFOPLIST_FILE = Citrix/Info.plist;
				INFOPLIST_KEY_UIApplicationSupportsIndirectInputEvents = YES;
				INFOPLIST_KEY_UILaunchStoryboardName = LaunchScreen;
				INFOPLIST_KEY_UIMainStoryboardFile = Main;
				INFOPLIST_KEY_UISupportedInterfaceOrientations_iPad = "UIInterfaceOrientationPortrait UIInterfaceOrientationPortraitUpsideDown UIInterfaceOrientationLandscapeLeft UIInterfaceOrientationLandscapeRight";
				INFOPLIST_KEY_UISupportedInterfaceOrientations_iPhone = "UIInterfaceOrientationPortrait UIInterfaceOrientationLandscapeLeft UIInterfaceOrientationLandscapeRight";
				LD_RUNPATH_SEARCH_PATHS = (
					"$(inherited)",
					"@executable_path/Frameworks",
				);
				MARKETING_VERSION = 1.0;
				PRODUCT_BUNDLE_IDENTIFIER = Pranay.Citrix;
				PRODUCT_NAME = "$(TARGET_NAME)";
				SWIFT_EMIT_LOC_STRINGS = YES;
				SWIFT_VERSION = 5.0;
				TARGETED_DEVICE_FAMILY = "1,2";
			};
			name = Debug;
		};
		40371E3A2854A1B200873DEB /* Release */ = {
			isa = XCBuildConfiguration;
			buildSettings = {
				ASSETCATALOG_COMPILER_APPICON_NAME = AppIcon;
				ASSETCATALOG_COMPILER_GLOBAL_ACCENT_COLOR_NAME = AccentColor;
				CODE_SIGN_STYLE = Automatic;
				CURRENT_PROJECT_VERSION = 1;
				DEVELOPMENT_TEAM = M8YB7RCWD2;
				GENERATE_INFOPLIST_FILE = YES;
				INFOPLIST_FILE = Citrix/Info.plist;
				INFOPLIST_KEY_UIApplicationSupportsIndirectInputEvents = YES;
				INFOPLIST_KEY_UILaunchStoryboardName = LaunchScreen;
				INFOPLIST_KEY_UIMainStoryboardFile = Main;
				INFOPLIST_KEY_UISupportedInterfaceOrientations_iPad = "UIInterfaceOrientationPortrait UIInterfaceOrientationPortraitUpsideDown UIInterfaceOrientationLandscapeLeft UIInterfaceOrientationLandscapeRight";
				INFOPLIST_KEY_UISupportedInterfaceOrientations_iPhone = "UIInterfaceOrientationPortrait UIInterfaceOrientationLandscapeLeft UIInterfaceOrientationLandscapeRight";
				LD_RUNPATH_SEARCH_PATHS = (
					"$(inherited)",
					"@executable_path/Frameworks",
				);
				MARKETING_VERSION = 1.0;
				PRODUCT_BUNDLE_IDENTIFIER = Pranay.Citrix;
				PRODUCT_NAME = "$(TARGET_NAME)";
				SWIFT_EMIT_LOC_STRINGS = YES;
				SWIFT_VERSION = 5.0;
				TARGETED_DEVICE_FAMILY = "1,2";
			};
			name = Release;
		};
		40371E3C2854A1B200873DEB /* Debug */ = {
			isa = XCBuildConfiguration;
			buildSettings = {
				ALWAYS_EMBED_SWIFT_STANDARD_LIBRARIES = YES;
				BUNDLE_LOADER = "$(TEST_HOST)";
				CODE_SIGN_STYLE = Automatic;
				CURRENT_PROJECT_VERSION = 1;
				DEVELOPMENT_TEAM = M8YB7RCWD2;
				GENERATE_INFOPLIST_FILE = YES;
				IPHONEOS_DEPLOYMENT_TARGET = 15.2;
				MARKETING_VERSION = 1.0;
				PRODUCT_BUNDLE_IDENTIFIER = Pranay.CitrixTests;
				PRODUCT_NAME = "$(TARGET_NAME)";
				SWIFT_EMIT_LOC_STRINGS = NO;
				SWIFT_VERSION = 5.0;
				TARGETED_DEVICE_FAMILY = "1,2";
				TEST_HOST = "$(BUILT_PRODUCTS_DIR)/Citrix.app/Citrix";
			};
			name = Debug;
		};
		40371E3D2854A1B200873DEB /* Release */ = {
			isa = XCBuildConfiguration;
			buildSettings = {
				ALWAYS_EMBED_SWIFT_STANDARD_LIBRARIES = YES;
				BUNDLE_LOADER = "$(TEST_HOST)";
				CODE_SIGN_STYLE = Automatic;
				CURRENT_PROJECT_VERSION = 1;
				DEVELOPMENT_TEAM = M8YB7RCWD2;
				GENERATE_INFOPLIST_FILE = YES;
				IPHONEOS_DEPLOYMENT_TARGET = 15.2;
				MARKETING_VERSION = 1.0;
				PRODUCT_BUNDLE_IDENTIFIER = Pranay.CitrixTests;
				PRODUCT_NAME = "$(TARGET_NAME)";
				SWIFT_EMIT_LOC_STRINGS = NO;
				SWIFT_VERSION = 5.0;
				TARGETED_DEVICE_FAMILY = "1,2";
				TEST_HOST = "$(BUILT_PRODUCTS_DIR)/Citrix.app/Citrix";
			};
			name = Release;
		};
		40371E3F2854A1B200873DEB /* Debug */ = {
			isa = XCBuildConfiguration;
			buildSettings = {
				ALWAYS_EMBED_SWIFT_STANDARD_LIBRARIES = YES;
				CODE_SIGN_STYLE = Automatic;
				CURRENT_PROJECT_VERSION = 1;
				DEVELOPMENT_TEAM = M8YB7RCWD2;
				GENERATE_INFOPLIST_FILE = YES;
				MARKETING_VERSION = 1.0;
				PRODUCT_BUNDLE_IDENTIFIER = Pranay.CitrixUITests;
				PRODUCT_NAME = "$(TARGET_NAME)";
				SWIFT_EMIT_LOC_STRINGS = NO;
				SWIFT_VERSION = 5.0;
				TARGETED_DEVICE_FAMILY = "1,2";
				TEST_TARGET_NAME = Citrix;
			};
			name = Debug;
		};
		40371E402854A1B200873DEB /* Release */ = {
			isa = XCBuildConfiguration;
			buildSettings = {
				ALWAYS_EMBED_SWIFT_STANDARD_LIBRARIES = YES;
				CODE_SIGN_STYLE = Automatic;
				CURRENT_PROJECT_VERSION = 1;
				DEVELOPMENT_TEAM = M8YB7RCWD2;
				GENERATE_INFOPLIST_FILE = YES;
				MARKETING_VERSION = 1.0;
				PRODUCT_BUNDLE_IDENTIFIER = Pranay.CitrixUITests;
				PRODUCT_NAME = "$(TARGET_NAME)";
				SWIFT_EMIT_LOC_STRINGS = NO;
				SWIFT_VERSION = 5.0;
				TARGETED_DEVICE_FAMILY = "1,2";
				TEST_TARGET_NAME = Citrix;
			};
			name = Release;
		};
/* End XCBuildConfiguration section */

/* Begin XCConfigurationList section */
		40371E092854A1B000873DEB /* Build configuration list for PBXProject "Citrix" */ = {
			isa = XCConfigurationList;
			buildConfigurations = (
				40371E362854A1B200873DEB /* Debug */,
				40371E372854A1B200873DEB /* Release */,
			);
			defaultConfigurationIsVisible = 0;
			defaultConfigurationName = Release;
		};
		40371E382854A1B200873DEB /* Build configuration list for PBXNativeTarget "Citrix" */ = {
			isa = XCConfigurationList;
			buildConfigurations = (
				40371E392854A1B200873DEB /* Debug */,
				40371E3A2854A1B200873DEB /* Release */,
			);
			defaultConfigurationIsVisible = 0;
			defaultConfigurationName = Release;
		};
		40371E3B2854A1B200873DEB /* Build configuration list for PBXNativeTarget "CitrixTests" */ = {
			isa = XCConfigurationList;
			buildConfigurations = (
				40371E3C2854A1B200873DEB /* Debug */,
				40371E3D2854A1B200873DEB /* Release */,
			);
			defaultConfigurationIsVisible = 0;
			defaultConfigurationName = Release;
		};
		40371E3E2854A1B200873DEB /* Build configuration list for PBXNativeTarget "CitrixUITests" */ = {
			isa = XCConfigurationList;
			buildConfigurations = (
				40371E3F2854A1B200873DEB /* Debug */,
				40371E402854A1B200873DEB /* Release */,
			);
			defaultConfigurationIsVisible = 0;
			defaultConfigurationName = Release;
		};
/* End XCConfigurationList section */
	};
	rootObject = 40371E062854A1B000873DEB /* Project object */;
}
